// !$*UTF8*$!
{
	archiveVersion = 1;
	classes = {
	};
	objectVersion = 46;
	objects = {

/* Begin PBXBuildFile section */
		FB23B6EA1F044CFC00CAA684 /* AppDelegate.swift in Sources */ = {isa = PBXBuildFile; fileRef = FB23B6E91F044CFC00CAA684 /* AppDelegate.swift */; };
		FB23B6F41F044CFC00CAA684 /* LaunchScreen.storyboard in Resources */ = {isa = PBXBuildFile; fileRef = FB23B6F21F044CFC00CAA684 /* LaunchScreen.storyboard */; };
		FB23B6FC1F04C40D00CAA684 /* Scenario.swift in Sources */ = {isa = PBXBuildFile; fileRef = FB23B6FB1F04C40D00CAA684 /* Scenario.swift */; };
		FB23B7021F0AB5ED00CAA684 /* DataModel.swift in Sources */ = {isa = PBXBuildFile; fileRef = FB23B7011F0AB5EC00CAA684 /* DataModel.swift */; };
		FB40EA0A1F43967C00CAA684 /* ScenarioViewModelFromModel.swift in Sources */ = {isa = PBXBuildFile; fileRef = FB40EA091F43967C00CAA684 /* ScenarioViewModelFromModel.swift */; };
		FB40EA0C1F43ACFF00CAA684 /* DashboardViewController.swift in Sources */ = {isa = PBXBuildFile; fileRef = FB40EA0B1F43ACFF00CAA684 /* DashboardViewController.swift */; };
		FB40EA0F1F43AEDD00CAA684 /* UIStoryboard+Loader.swift in Sources */ = {isa = PBXBuildFile; fileRef = FB40EA0E1F43AEDD00CAA684 /* UIStoryboard+Loader.swift */; };
		FB40EA111F43B28100CAA684 /* UIViewController+Subview.swift in Sources */ = {isa = PBXBuildFile; fileRef = FB40EA101F43B28100CAA684 /* UIViewController+Subview.swift */; };
		FB40EA141F4419CA00CAA684 /* ScenarioViewModel.swift in Sources */ = {isa = PBXBuildFile; fileRef = FB40EA131F4419CA00CAA684 /* ScenarioViewModel.swift */; };
		FB40EA191F45552B00CAA684 /* Dynamic.swift in Sources */ = {isa = PBXBuildFile; fileRef = FB40EA181F45552B00CAA684 /* Dynamic.swift */; };
		FB4665851F2E5C0700CAA684 /* RewardsInfoCell.swift in Sources */ = {isa = PBXBuildFile; fileRef = FB4665841F2E5C0700CAA684 /* RewardsInfoCell.swift */; };
		FB4665871F2E5C5900CAA684 /* RewardsInfoCell.xib in Resources */ = {isa = PBXBuildFile; fileRef = FB4665861F2E5C5900CAA684 /* RewardsInfoCell.xib */; };
		FB4665891F2E667F00CAA684 /* RequirementsInfoCell.swift in Sources */ = {isa = PBXBuildFile; fileRef = FB4665881F2E667F00CAA684 /* RequirementsInfoCell.swift */; };
		FB46658B1F2E66C000CAA684 /* RequirementsInfoCell.xib in Resources */ = {isa = PBXBuildFile; fileRef = FB46658A1F2E66C000CAA684 /* RequirementsInfoCell.xib */; };
		FB46658D1F2F964C00CAA684 /* SummaryInfoCell.xib in Resources */ = {isa = PBXBuildFile; fileRef = FB46658C1F2F964C00CAA684 /* SummaryInfoCell.xib */; };
		FB46658F1F2F96B500CAA684 /* SummaryInfoCell.swift in Sources */ = {isa = PBXBuildFile; fileRef = FB46658E1F2F96B500CAA684 /* SummaryInfoCell.swift */; };
		FB4665911F2FA98C00CAA684 /* LocationInfoCell.swift in Sources */ = {isa = PBXBuildFile; fileRef = FB4665901F2FA98C00CAA684 /* LocationInfoCell.swift */; };
		FB4665931F2FA9FA00CAA684 /* LocationInfoCell.xib in Resources */ = {isa = PBXBuildFile; fileRef = FB4665921F2FA9FA00CAA684 /* LocationInfoCell.xib */; };
		FB4665951F2FDCEE00CAA684 /* ScenarioMainCell.swift in Sources */ = {isa = PBXBuildFile; fileRef = FB4665941F2FDCEE00CAA684 /* ScenarioMainCell.swift */; };
		FB482D991F27C51C00CAA684 /* ScenarioDetailViewController.swift in Sources */ = {isa = PBXBuildFile; fileRef = FB482D981F27C51C00CAA684 /* ScenarioDetailViewController.swift */; };
		FB482D9B1F27DBA400CAA684 /* ScenarioDetailViewModel.swift in Sources */ = {isa = PBXBuildFile; fileRef = FB482D9A1F27DBA400CAA684 /* ScenarioDetailViewModel.swift */; };
		FB482D9D1F2934BA00CAA684 /* ScenarioTitleCell.xib in Resources */ = {isa = PBXBuildFile; fileRef = FB482D9C1F2934B900CAA684 /* ScenarioTitleCell.xib */; };
		FB482D9F1F29359000CAA684 /* ScenarioTitleCell.swift in Sources */ = {isa = PBXBuildFile; fileRef = FB482D9E1F29359000CAA684 /* ScenarioTitleCell.swift */; };
		FB482DA11F2937B200CAA684 /* UnlocksInfoCell.xib in Resources */ = {isa = PBXBuildFile; fileRef = FB482DA01F2937B200CAA684 /* UnlocksInfoCell.xib */; };
		FB482DA41F29385B00CAA684 /* UnlocksInfoCell.swift in Sources */ = {isa = PBXBuildFile; fileRef = FB482DA31F29385B00CAA684 /* UnlocksInfoCell.swift */; };
		FB482DA61F293ABA00CAA684 /* UnlockedByInfoCell.xib in Resources */ = {isa = PBXBuildFile; fileRef = FB482DA51F293ABA00CAA684 /* UnlockedByInfoCell.xib */; };
		FB482DA81F293B2300CAA684 /* UnlockedByInfoCell.swift in Sources */ = {isa = PBXBuildFile; fileRef = FB482DA71F293B2300CAA684 /* UnlockedByInfoCell.swift */; };
		FB482DAA1F293C6600CAA684 /* AchievesInfoCell.xib in Resources */ = {isa = PBXBuildFile; fileRef = FB482DA91F293C6600CAA684 /* AchievesInfoCell.xib */; };
		FB482DAC1F293C9500CAA684 /* AchievesInfoCell.swift in Sources */ = {isa = PBXBuildFile; fileRef = FB482DAB1F293C9500CAA684 /* AchievesInfoCell.swift */; };
		FB7521A41F207A2F00CAA684 /* ScenarioPickerViewController.swift in Sources */ = {isa = PBXBuildFile; fileRef = FB7521A31F207A2F00CAA684 /* ScenarioPickerViewController.swift */; };
		FBCE875D1F57F4C200CAA684 /* PirataOne-Regular.ttf in Resources */ = {isa = PBXBuildFile; fileRef = FBCE875C1F57F4C200CAA684 /* PirataOne-Regular.ttf */; };
		FBCE875F1F586FB400CAA684 /* nyala.ttf in Resources */ = {isa = PBXBuildFile; fileRef = FBCE875E1F586FB400CAA684 /* nyala.ttf */; };
		FBCE87611F58764300CAA684 /* HTOWERT.TTF in Resources */ = {isa = PBXBuildFile; fileRef = FBCE87601F58764300CAA684 /* HTOWERT.TTF */; };
		FBCE87641F59EBE400CAA684 /* CloudKitMgr.swift in Sources */ = {isa = PBXBuildFile; fileRef = FBCE87631F59EBE400CAA684 /* CloudKitMgr.swift */; };
		FBCE876A1F5A066F00CAA684 /* CampaignManagerTabBarController.swift in Sources */ = {isa = PBXBuildFile; fileRef = FBCE87691F5A066F00CAA684 /* CampaignManagerTabBarController.swift */; };
		FBD2DCF81F5C935B00CAA684 /* Campaign.swift in Sources */ = {isa = PBXBuildFile; fileRef = FBD2DCF71F5C935B00CAA684 /* Campaign.swift */; };
		FBD2DCFA1F5C945C00CAA684 /* Character.swift in Sources */ = {isa = PBXBuildFile; fileRef = FBD2DCF91F5C945C00CAA684 /* Character.swift */; };
		FBD2DCFC1F61E28B00CAA684 /* ColorDefinitions.swift in Sources */ = {isa = PBXBuildFile; fileRef = FBD2DCFB1F61E28B00CAA684 /* ColorDefinitions.swift */; };
		FBD2DCFE1F61E7D900CAA684 /* FontDefinitions.swift in Sources */ = {isa = PBXBuildFile; fileRef = FBD2DCFD1F61E7D900CAA684 /* FontDefinitions.swift */; };
		FBD2DD011F6203F800CAA684 /* ProgressHUD.swift in Sources */ = {isa = PBXBuildFile; fileRef = FBD2DD001F6203F800CAA684 /* ProgressHUD.swift */; };
		FBD2DD041F620F4800CAA684 /* CreateCampaignViewController.swift in Sources */ = {isa = PBXBuildFile; fileRef = FBD2DD031F620F4800CAA684 /* CreateCampaignViewController.swift */; };
		FBD2DD061F625F6500CAA684 /* CampaignViewModel.swift in Sources */ = {isa = PBXBuildFile; fileRef = FBD2DD051F625F6500CAA684 /* CampaignViewModel.swift */; };
		FBD2DD081F625FEA00CAA684 /* CreateCampaignViewModelFromModel.swift in Sources */ = {isa = PBXBuildFile; fileRef = FBD2DD071F625FEA00CAA684 /* CreateCampaignViewModelFromModel.swift */; };
		FBD2DD0B1F634C0100CAA684 /* CreateCampaignTitleCell.xib in Resources */ = {isa = PBXBuildFile; fileRef = FBD2DD0A1F634C0100CAA684 /* CreateCampaignTitleCell.xib */; };
		FBD2DD0E1F634D0600CAA684 /* CreateCampaignTitleCell.swift in Sources */ = {isa = PBXBuildFile; fileRef = FBD2DD0D1F634D0600CAA684 /* CreateCampaignTitleCell.swift */; };
		FBD2DD101F6477AB00CAA684 /* CreateCampaignCharacterCell.xib in Resources */ = {isa = PBXBuildFile; fileRef = FBD2DD0F1F6477AB00CAA684 /* CreateCampaignCharacterCell.xib */; };
		FBD2DD121F6477F200CAA684 /* CreateCampaignCharacterCell.swift in Sources */ = {isa = PBXBuildFile; fileRef = FBD2DD111F6477F200CAA684 /* CreateCampaignCharacterCell.swift */; };
		FBD2DD141F67517000CAA684 /* CreateCamaignViewModel.swift in Sources */ = {isa = PBXBuildFile; fileRef = FBD2DD131F67517000CAA684 /* CreateCamaignViewModel.swift */; };
		FBD2DD161F6863E900CAA684 /* DeleteCampaignViewModelFromModel.swift in Sources */ = {isa = PBXBuildFile; fileRef = FBD2DD151F6863E900CAA684 /* DeleteCampaignViewModelFromModel.swift */; };
		FBD2DD181F68674600CAA684 /* DeleteCampaignViewController.swift in Sources */ = {isa = PBXBuildFile; fileRef = FBD2DD171F68674600CAA684 /* DeleteCampaignViewController.swift */; };
		FBD2DD1A1F699ED100CAA684 /* CampaignViewController.swift in Sources */ = {isa = PBXBuildFile; fileRef = FBD2DD191F699ED100CAA684 /* CampaignViewController.swift */; };
		FBD2DD1C1F69A10200CAA684 /* CampaignViewModelFromModel.swift in Sources */ = {isa = PBXBuildFile; fileRef = FBD2DD1B1F69A10200CAA684 /* CampaignViewModelFromModel.swift */; };
		FBD2DD1F1F69CB3800CAA684 /* CampaignTitleCell.swift in Sources */ = {isa = PBXBuildFile; fileRef = FBD2DD1E1F69CB3800CAA684 /* CampaignTitleCell.swift */; };
		FBE3F1E91F47C91100CAA684 /* Main.storyboard in Resources */ = {isa = PBXBuildFile; fileRef = FBE3F1E81F47C91100CAA684 /* Main.storyboard */; };
		FBE3F1EB1F47C92C00CAA684 /* ScenarioViewController.swift in Sources */ = {isa = PBXBuildFile; fileRef = FBE3F1EA1F47C92C00CAA684 /* ScenarioViewController.swift */; };
		FBE3F1ED1F4A5F6A00CAA684 /* Assets.xcassets in Resources */ = {isa = PBXBuildFile; fileRef = FBE3F1EC1F4A5F6A00CAA684 /* Assets.xcassets */; };
		FBE642181F520F9400CAA684 /* CloudKit.framework in Frameworks */ = {isa = PBXBuildFile; fileRef = FBE642171F520F9400CAA684 /* CloudKit.framework */; };
/* End PBXBuildFile section */

/* Begin PBXFileReference section */
		FB23B6E61F044CFC00CAA684 /* Scenario Manager.app */ = {isa = PBXFileReference; explicitFileType = wrapper.application; includeInIndex = 0; path = "Scenario Manager.app"; sourceTree = BUILT_PRODUCTS_DIR; };
		FB23B6E91F044CFC00CAA684 /* AppDelegate.swift */ = {isa = PBXFileReference; lastKnownFileType = sourcecode.swift; path = AppDelegate.swift; sourceTree = "<group>"; };
		FB23B6F31F044CFC00CAA684 /* Base */ = {isa = PBXFileReference; lastKnownFileType = file.storyboard; name = Base; path = Base.lproj/LaunchScreen.storyboard; sourceTree = "<group>"; };
		FB23B6F51F044CFC00CAA684 /* Info.plist */ = {isa = PBXFileReference; lastKnownFileType = text.plist.xml; path = Info.plist; sourceTree = "<group>"; };
		FB23B6FB1F04C40D00CAA684 /* Scenario.swift */ = {isa = PBXFileReference; fileEncoding = 4; lastKnownFileType = sourcecode.swift; path = Scenario.swift; sourceTree = "<group>"; };
		FB23B7011F0AB5EC00CAA684 /* DataModel.swift */ = {isa = PBXFileReference; fileEncoding = 4; lastKnownFileType = sourcecode.swift; lineEnding = 0; path = DataModel.swift; sourceTree = "<group>"; xcLanguageSpecificationIdentifier = xcode.lang.swift; };
		FB40EA091F43967C00CAA684 /* ScenarioViewModelFromModel.swift */ = {isa = PBXFileReference; fileEncoding = 4; lastKnownFileType = sourcecode.swift; path = ScenarioViewModelFromModel.swift; sourceTree = "<group>"; };
		FB40EA0B1F43ACFF00CAA684 /* DashboardViewController.swift */ = {isa = PBXFileReference; fileEncoding = 4; lastKnownFileType = sourcecode.swift; path = DashboardViewController.swift; sourceTree = "<group>"; };
		FB40EA0E1F43AEDD00CAA684 /* UIStoryboard+Loader.swift */ = {isa = PBXFileReference; fileEncoding = 4; lastKnownFileType = sourcecode.swift; path = "UIStoryboard+Loader.swift"; sourceTree = "<group>"; };
		FB40EA101F43B28100CAA684 /* UIViewController+Subview.swift */ = {isa = PBXFileReference; fileEncoding = 4; lastKnownFileType = sourcecode.swift; path = "UIViewController+Subview.swift"; sourceTree = "<group>"; };
		FB40EA131F4419CA00CAA684 /* ScenarioViewModel.swift */ = {isa = PBXFileReference; fileEncoding = 4; lastKnownFileType = sourcecode.swift; path = ScenarioViewModel.swift; sourceTree = "<group>"; };
		FB40EA181F45552B00CAA684 /* Dynamic.swift */ = {isa = PBXFileReference; fileEncoding = 4; lastKnownFileType = sourcecode.swift; path = Dynamic.swift; sourceTree = "<group>"; };
		FB4665841F2E5C0700CAA684 /* RewardsInfoCell.swift */ = {isa = PBXFileReference; fileEncoding = 4; lastKnownFileType = sourcecode.swift; path = RewardsInfoCell.swift; sourceTree = "<group>"; };
		FB4665861F2E5C5900CAA684 /* RewardsInfoCell.xib */ = {isa = PBXFileReference; fileEncoding = 4; lastKnownFileType = file.xib; path = RewardsInfoCell.xib; sourceTree = "<group>"; };
		FB4665881F2E667F00CAA684 /* RequirementsInfoCell.swift */ = {isa = PBXFileReference; fileEncoding = 4; lastKnownFileType = sourcecode.swift; path = RequirementsInfoCell.swift; sourceTree = "<group>"; };
		FB46658A1F2E66C000CAA684 /* RequirementsInfoCell.xib */ = {isa = PBXFileReference; fileEncoding = 4; lastKnownFileType = file.xib; path = RequirementsInfoCell.xib; sourceTree = "<group>"; };
		FB46658C1F2F964C00CAA684 /* SummaryInfoCell.xib */ = {isa = PBXFileReference; fileEncoding = 4; lastKnownFileType = file.xib; path = SummaryInfoCell.xib; sourceTree = "<group>"; };
		FB46658E1F2F96B500CAA684 /* SummaryInfoCell.swift */ = {isa = PBXFileReference; fileEncoding = 4; lastKnownFileType = sourcecode.swift; path = SummaryInfoCell.swift; sourceTree = "<group>"; };
		FB4665901F2FA98C00CAA684 /* LocationInfoCell.swift */ = {isa = PBXFileReference; fileEncoding = 4; lastKnownFileType = sourcecode.swift; path = LocationInfoCell.swift; sourceTree = "<group>"; };
		FB4665921F2FA9FA00CAA684 /* LocationInfoCell.xib */ = {isa = PBXFileReference; fileEncoding = 4; lastKnownFileType = file.xib; path = LocationInfoCell.xib; sourceTree = "<group>"; };
		FB4665941F2FDCEE00CAA684 /* ScenarioMainCell.swift */ = {isa = PBXFileReference; fileEncoding = 4; lastKnownFileType = sourcecode.swift; path = ScenarioMainCell.swift; sourceTree = "<group>"; };
		FB482D981F27C51C00CAA684 /* ScenarioDetailViewController.swift */ = {isa = PBXFileReference; fileEncoding = 4; lastKnownFileType = sourcecode.swift; path = ScenarioDetailViewController.swift; sourceTree = "<group>"; };
		FB482D9A1F27DBA400CAA684 /* ScenarioDetailViewModel.swift */ = {isa = PBXFileReference; fileEncoding = 4; lastKnownFileType = sourcecode.swift; path = ScenarioDetailViewModel.swift; sourceTree = "<group>"; };
		FB482D9C1F2934B900CAA684 /* ScenarioTitleCell.xib */ = {isa = PBXFileReference; fileEncoding = 4; lastKnownFileType = file.xib; path = ScenarioTitleCell.xib; sourceTree = "<group>"; };
		FB482D9E1F29359000CAA684 /* ScenarioTitleCell.swift */ = {isa = PBXFileReference; fileEncoding = 4; lastKnownFileType = sourcecode.swift; path = ScenarioTitleCell.swift; sourceTree = "<group>"; };
		FB482DA01F2937B200CAA684 /* UnlocksInfoCell.xib */ = {isa = PBXFileReference; fileEncoding = 4; lastKnownFileType = file.xib; path = UnlocksInfoCell.xib; sourceTree = "<group>"; };
		FB482DA31F29385B00CAA684 /* UnlocksInfoCell.swift */ = {isa = PBXFileReference; fileEncoding = 4; lastKnownFileType = sourcecode.swift; path = UnlocksInfoCell.swift; sourceTree = "<group>"; };
		FB482DA51F293ABA00CAA684 /* UnlockedByInfoCell.xib */ = {isa = PBXFileReference; fileEncoding = 4; lastKnownFileType = file.xib; path = UnlockedByInfoCell.xib; sourceTree = "<group>"; };
		FB482DA71F293B2300CAA684 /* UnlockedByInfoCell.swift */ = {isa = PBXFileReference; fileEncoding = 4; lastKnownFileType = sourcecode.swift; path = UnlockedByInfoCell.swift; sourceTree = "<group>"; };
		FB482DA91F293C6600CAA684 /* AchievesInfoCell.xib */ = {isa = PBXFileReference; fileEncoding = 4; lastKnownFileType = file.xib; path = AchievesInfoCell.xib; sourceTree = "<group>"; };
		FB482DAB1F293C9500CAA684 /* AchievesInfoCell.swift */ = {isa = PBXFileReference; fileEncoding = 4; lastKnownFileType = sourcecode.swift; path = AchievesInfoCell.swift; sourceTree = "<group>"; };
		FB65F5171F4F365800CAA684 /* Scenario Manager.entitlements */ = {isa = PBXFileReference; lastKnownFileType = text.plist.entitlements; path = "Scenario Manager.entitlements"; sourceTree = "<group>"; };
		FB7521A31F207A2F00CAA684 /* ScenarioPickerViewController.swift */ = {isa = PBXFileReference; fileEncoding = 4; lastKnownFileType = sourcecode.swift; path = ScenarioPickerViewController.swift; sourceTree = "<group>"; };
		FBCE875C1F57F4C200CAA684 /* PirataOne-Regular.ttf */ = {isa = PBXFileReference; lastKnownFileType = file; path = "PirataOne-Regular.ttf"; sourceTree = "<group>"; };
		FBCE875E1F586FB400CAA684 /* nyala.ttf */ = {isa = PBXFileReference; lastKnownFileType = file; path = nyala.ttf; sourceTree = "<group>"; };
		FBCE87601F58764300CAA684 /* HTOWERT.TTF */ = {isa = PBXFileReference; lastKnownFileType = file; path = HTOWERT.TTF; sourceTree = "<group>"; };
		FBCE87631F59EBE400CAA684 /* CloudKitMgr.swift */ = {isa = PBXFileReference; fileEncoding = 4; lastKnownFileType = sourcecode.swift; path = CloudKitMgr.swift; sourceTree = "<group>"; };
		FBCE87691F5A066F00CAA684 /* CampaignManagerTabBarController.swift */ = {isa = PBXFileReference; fileEncoding = 4; lastKnownFileType = sourcecode.swift; path = CampaignManagerTabBarController.swift; sourceTree = "<group>"; };
		FBD2DCF71F5C935B00CAA684 /* Campaign.swift */ = {isa = PBXFileReference; fileEncoding = 4; lastKnownFileType = sourcecode.swift; path = Campaign.swift; sourceTree = "<group>"; };
		FBD2DCF91F5C945C00CAA684 /* Character.swift */ = {isa = PBXFileReference; fileEncoding = 4; lastKnownFileType = sourcecode.swift; path = Character.swift; sourceTree = "<group>"; };
		FBD2DCFB1F61E28B00CAA684 /* ColorDefinitions.swift */ = {isa = PBXFileReference; fileEncoding = 4; lastKnownFileType = sourcecode.swift; path = ColorDefinitions.swift; sourceTree = "<group>"; };
		FBD2DCFD1F61E7D900CAA684 /* FontDefinitions.swift */ = {isa = PBXFileReference; fileEncoding = 4; lastKnownFileType = sourcecode.swift; path = FontDefinitions.swift; sourceTree = "<group>"; };
		FBD2DD001F6203F800CAA684 /* ProgressHUD.swift */ = {isa = PBXFileReference; fileEncoding = 4; lastKnownFileType = sourcecode.swift; path = ProgressHUD.swift; sourceTree = "<group>"; };
		FBD2DD031F620F4800CAA684 /* CreateCampaignViewController.swift */ = {isa = PBXFileReference; fileEncoding = 4; lastKnownFileType = sourcecode.swift; path = CreateCampaignViewController.swift; sourceTree = "<group>"; };
		FBD2DD051F625F6500CAA684 /* CampaignViewModel.swift */ = {isa = PBXFileReference; fileEncoding = 4; lastKnownFileType = sourcecode.swift; path = CampaignViewModel.swift; sourceTree = "<group>"; };
		FBD2DD071F625FEA00CAA684 /* CreateCampaignViewModelFromModel.swift */ = {isa = PBXFileReference; fileEncoding = 4; lastKnownFileType = sourcecode.swift; path = CreateCampaignViewModelFromModel.swift; sourceTree = "<group>"; };
		FBD2DD0A1F634C0100CAA684 /* CreateCampaignTitleCell.xib */ = {isa = PBXFileReference; fileEncoding = 4; lastKnownFileType = file.xib; path = CreateCampaignTitleCell.xib; sourceTree = "<group>"; };
		FBD2DD0D1F634D0600CAA684 /* CreateCampaignTitleCell.swift */ = {isa = PBXFileReference; fileEncoding = 4; lastKnownFileType = sourcecode.swift; path = CreateCampaignTitleCell.swift; sourceTree = "<group>"; };
		FBD2DD0F1F6477AB00CAA684 /* CreateCampaignCharacterCell.xib */ = {isa = PBXFileReference; fileEncoding = 4; lastKnownFileType = file.xib; path = CreateCampaignCharacterCell.xib; sourceTree = "<group>"; };
		FBD2DD111F6477F200CAA684 /* CreateCampaignCharacterCell.swift */ = {isa = PBXFileReference; fileEncoding = 4; lastKnownFileType = sourcecode.swift; path = CreateCampaignCharacterCell.swift; sourceTree = "<group>"; };
		FBD2DD131F67517000CAA684 /* CreateCamaignViewModel.swift */ = {isa = PBXFileReference; fileEncoding = 4; lastKnownFileType = sourcecode.swift; path = CreateCamaignViewModel.swift; sourceTree = "<group>"; };
		FBD2DD151F6863E900CAA684 /* DeleteCampaignViewModelFromModel.swift */ = {isa = PBXFileReference; fileEncoding = 4; lastKnownFileType = sourcecode.swift; path = DeleteCampaignViewModelFromModel.swift; sourceTree = "<group>"; };
		FBD2DD171F68674600CAA684 /* DeleteCampaignViewController.swift */ = {isa = PBXFileReference; fileEncoding = 4; lastKnownFileType = sourcecode.swift; path = DeleteCampaignViewController.swift; sourceTree = "<group>"; };
		FBD2DD191F699ED100CAA684 /* CampaignViewController.swift */ = {isa = PBXFileReference; fileEncoding = 4; lastKnownFileType = sourcecode.swift; path = CampaignViewController.swift; sourceTree = "<group>"; };
		FBD2DD1B1F69A10200CAA684 /* CampaignViewModelFromModel.swift */ = {isa = PBXFileReference; fileEncoding = 4; lastKnownFileType = sourcecode.swift; path = CampaignViewModelFromModel.swift; sourceTree = "<group>"; };
		FBD2DD1E1F69CB3800CAA684 /* CampaignTitleCell.swift */ = {isa = PBXFileReference; fileEncoding = 4; lastKnownFileType = sourcecode.swift; path = CampaignTitleCell.swift; sourceTree = "<group>"; };
		FBE3F1E81F47C91100CAA684 /* Main.storyboard */ = {isa = PBXFileReference; fileEncoding = 4; lastKnownFileType = file.storyboard; path = Main.storyboard; sourceTree = "<group>"; };
		FBE3F1EA1F47C92C00CAA684 /* ScenarioViewController.swift */ = {isa = PBXFileReference; fileEncoding = 4; lastKnownFileType = sourcecode.swift; path = ScenarioViewController.swift; sourceTree = "<group>"; };
		FBE3F1EC1F4A5F6A00CAA684 /* Assets.xcassets */ = {isa = PBXFileReference; lastKnownFileType = folder.assetcatalog; path = Assets.xcassets; sourceTree = "<group>"; };
		FBE642171F520F9400CAA684 /* CloudKit.framework */ = {isa = PBXFileReference; lastKnownFileType = wrapper.framework; name = CloudKit.framework; path = System/Library/Frameworks/CloudKit.framework; sourceTree = SDKROOT; };
/* End PBXFileReference section */

/* Begin PBXFrameworksBuildPhase section */
		FB23B6E31F044CFC00CAA684 /* Frameworks */ = {
			isa = PBXFrameworksBuildPhase;
			buildActionMask = 2147483647;
			files = (
				FBE642181F520F9400CAA684 /* CloudKit.framework in Frameworks */,
			);
			runOnlyForDeploymentPostprocessing = 0;
		};
/* End PBXFrameworksBuildPhase section */

/* Begin PBXGroup section */
		FB23B6DD1F044CFC00CAA684 = {
			isa = PBXGroup;
			children = (
				FB23B6E81F044CFC00CAA684 /* Scenario Manager */,
				FB23B6E71F044CFC00CAA684 /* Products */,
				FBD42F161F4F388C00CAA684 /* Frameworks */,
			);
			sourceTree = "<group>";
		};
		FB23B6E71F044CFC00CAA684 /* Products */ = {
			isa = PBXGroup;
			children = (
				FB23B6E61F044CFC00CAA684 /* Scenario Manager.app */,
			);
			name = Products;
			sourceTree = "<group>";
		};
		FB23B6E81F044CFC00CAA684 /* Scenario Manager */ = {
			isa = PBXGroup;
			children = (
				FB65F5171F4F365800CAA684 /* Scenario Manager.entitlements */,
				FB23B6F51F044CFC00CAA684 /* Info.plist */,
				FB23B6E91F044CFC00CAA684 /* AppDelegate.swift */,
				FB23B6F21F044CFC00CAA684 /* LaunchScreen.storyboard */,
				FB40EA0D1F43AEB200CAA684 /* Extensions */,
				FB40EA161F45545200CAA684 /* Model */,
				FB40EA171F4554A000CAA684 /* View */,
				FB40EA121F44164200CAA684 /* ViewModel */,
			);
			path = "Scenario Manager";
			sourceTree = "<group>";
		};
		FB40EA0D1F43AEB200CAA684 /* Extensions */ = {
			isa = PBXGroup;
			children = (
				FB40EA0E1F43AEDD00CAA684 /* UIStoryboard+Loader.swift */,
				FB40EA101F43B28100CAA684 /* UIViewController+Subview.swift */,
			);
			name = Extensions;
			sourceTree = "<group>";
		};
		FB40EA121F44164200CAA684 /* ViewModel */ = {
			isa = PBXGroup;
			children = (
				FB40EA181F45552B00CAA684 /* Dynamic.swift */,
				FB482D9A1F27DBA400CAA684 /* ScenarioDetailViewModel.swift */,
				FB40EA131F4419CA00CAA684 /* ScenarioViewModel.swift */,
				FB40EA091F43967C00CAA684 /* ScenarioViewModelFromModel.swift */,
				FBD2DD051F625F6500CAA684 /* CampaignViewModel.swift */,
				FBD2DD1B1F69A10200CAA684 /* CampaignViewModelFromModel.swift */,
				FBD2DD131F67517000CAA684 /* CreateCamaignViewModel.swift */,
				FBD2DD071F625FEA00CAA684 /* CreateCampaignViewModelFromModel.swift */,
				FBD2DD151F6863E900CAA684 /* DeleteCampaignViewModelFromModel.swift */,
			);
			name = ViewModel;
			sourceTree = "<group>";
		};
		FB40EA151F45543300CAA684 /* CampaignManager */ = {
			isa = PBXGroup;
			children = (
				FBD2DD191F699ED100CAA684 /* CampaignViewController.swift */,
				FBE3F1EA1F47C92C00CAA684 /* ScenarioViewController.swift */,
				FB482D981F27C51C00CAA684 /* ScenarioDetailViewController.swift */,
				FB7521A31F207A2F00CAA684 /* ScenarioPickerViewController.swift */,
				FB40EA0B1F43ACFF00CAA684 /* DashboardViewController.swift */,
				FBCE87691F5A066F00CAA684 /* CampaignManagerTabBarController.swift */,
				FBD2DD031F620F4800CAA684 /* CreateCampaignViewController.swift */,
				FBD2DD171F68674600CAA684 /* DeleteCampaignViewController.swift */,
			);
			name = CampaignManager;
			sourceTree = "<group>";
		};
		FB40EA161F45545200CAA684 /* Model */ = {
			isa = PBXGroup;
			children = (
				FBCE87631F59EBE400CAA684 /* CloudKitMgr.swift */,
				FB23B7011F0AB5EC00CAA684 /* DataModel.swift */,
				FB23B6FB1F04C40D00CAA684 /* Scenario.swift */,
				FBD2DCF71F5C935B00CAA684 /* Campaign.swift */,
				FBD2DCF91F5C945C00CAA684 /* Character.swift */,
			);
			name = Model;
			sourceTree = "<group>";
		};
		FB40EA171F4554A000CAA684 /* View */ = {
			isa = PBXGroup;
			children = (
				FBE3F1E81F47C91100CAA684 /* Main.storyboard */,
				FBE3F1EC1F4A5F6A00CAA684 /* Assets.xcassets */,
				FB40EA151F45543300CAA684 /* CampaignManager */,
				FBCE87621F58A32C00CAA684 /* FontFiles */,
				FBD2DCFF1F62039400CAA684 /* StyleDefinitions */,
				FB482DA21F29380B00CAA684 /* TableView Cells */,
				FBD2DD021F62040E00CAA684 /* Utilities */,
			);
			name = View;
			sourceTree = "<group>";
		};
		FB482DA21F29380B00CAA684 /* TableView Cells */ = {
			isa = PBXGroup;
			children = (
				FBD2DD091F634B9700CAA684 /* ScenarioDetailTableViewCells */,
				FBD2DD0C1F634C0800CAA684 /* CreateCampaignTableViewCells */,
				FBD2DD1E1F69CB3800CAA684 /* CampaignTitleCell.swift */,
				FB4665941F2FDCEE00CAA684 /* ScenarioMainCell.swift */,
			);
			name = "TableView Cells";
			sourceTree = "<group>";
		};
		FBCE87621F58A32C00CAA684 /* FontFiles */ = {
			isa = PBXGroup;
			children = (
				FBCE87601F58764300CAA684 /* HTOWERT.TTF */,
				FBCE875E1F586FB400CAA684 /* nyala.ttf */,
				FBCE875C1F57F4C200CAA684 /* PirataOne-Regular.ttf */,
			);
			name = FontFiles;
			sourceTree = "<group>";
		};
		FBD2DCFF1F62039400CAA684 /* StyleDefinitions */ = {
			isa = PBXGroup;
			children = (
				FBD2DCFB1F61E28B00CAA684 /* ColorDefinitions.swift */,
				FBD2DCFD1F61E7D900CAA684 /* FontDefinitions.swift */,
			);
			name = StyleDefinitions;
			sourceTree = "<group>";
		};
		FBD2DD021F62040E00CAA684 /* Utilities */ = {
			isa = PBXGroup;
			children = (
				FBD2DD001F6203F800CAA684 /* ProgressHUD.swift */,
			);
			name = Utilities;
			sourceTree = "<group>";
		};
		FBD2DD091F634B9700CAA684 /* ScenarioDetailTableViewCells */ = {
			isa = PBXGroup;
			children = (
				FB482D9C1F2934B900CAA684 /* ScenarioTitleCell.xib */,
				FB482D9E1F29359000CAA684 /* ScenarioTitleCell.swift */,
				FB482DA01F2937B200CAA684 /* UnlocksInfoCell.xib */,
				FB482DA31F29385B00CAA684 /* UnlocksInfoCell.swift */,
				FB482DA51F293ABA00CAA684 /* UnlockedByInfoCell.xib */,
				FB482DA71F293B2300CAA684 /* UnlockedByInfoCell.swift */,
				FB482DA91F293C6600CAA684 /* AchievesInfoCell.xib */,
				FB482DAB1F293C9500CAA684 /* AchievesInfoCell.swift */,
				FB4665841F2E5C0700CAA684 /* RewardsInfoCell.swift */,
				FB4665861F2E5C5900CAA684 /* RewardsInfoCell.xib */,
				FB4665881F2E667F00CAA684 /* RequirementsInfoCell.swift */,
				FB46658A1F2E66C000CAA684 /* RequirementsInfoCell.xib */,
				FB46658C1F2F964C00CAA684 /* SummaryInfoCell.xib */,
				FB46658E1F2F96B500CAA684 /* SummaryInfoCell.swift */,
				FB4665901F2FA98C00CAA684 /* LocationInfoCell.swift */,
				FB4665921F2FA9FA00CAA684 /* LocationInfoCell.xib */,
			);
			name = ScenarioDetailTableViewCells;
			sourceTree = "<group>";
		};
		FBD2DD0C1F634C0800CAA684 /* CreateCampaignTableViewCells */ = {
			isa = PBXGroup;
			children = (
				FBD2DD0A1F634C0100CAA684 /* CreateCampaignTitleCell.xib */,
				FBD2DD0D1F634D0600CAA684 /* CreateCampaignTitleCell.swift */,
				FBD2DD0F1F6477AB00CAA684 /* CreateCampaignCharacterCell.xib */,
				FBD2DD111F6477F200CAA684 /* CreateCampaignCharacterCell.swift */,
			);
			name = CreateCampaignTableViewCells;
			sourceTree = "<group>";
		};
		FBD42F161F4F388C00CAA684 /* Frameworks */ = {
			isa = PBXGroup;
			children = (
				FBE642171F520F9400CAA684 /* CloudKit.framework */,
			);
			name = Frameworks;
			sourceTree = "<group>";
		};
/* End PBXGroup section */

/* Begin PBXNativeTarget section */
		FB23B6E51F044CFC00CAA684 /* Scenario Manager */ = {
			isa = PBXNativeTarget;
			buildConfigurationList = FB23B6F81F044CFC00CAA684 /* Build configuration list for PBXNativeTarget "Scenario Manager" */;
			buildPhases = (
				FB23B6E21F044CFC00CAA684 /* Sources */,
				FB23B6E31F044CFC00CAA684 /* Frameworks */,
				FB23B6E41F044CFC00CAA684 /* Resources */,
			);
			buildRules = (
			);
			dependencies = (
			);
			name = "Scenario Manager";
			productName = "Scenario Manager";
			productReference = FB23B6E61F044CFC00CAA684 /* Scenario Manager.app */;
			productType = "com.apple.product-type.application";
		};
/* End PBXNativeTarget section */

/* Begin PBXProject section */
		FB23B6DE1F044CFC00CAA684 /* Project object */ = {
			isa = PBXProject;
			attributes = {
				LastSwiftUpdateCheck = 0830;
				LastUpgradeCheck = 0830;
				ORGANIZATIONNAME = "AppHazard Productions";
				TargetAttributes = {
					FB23B6E51F044CFC00CAA684 = {
						CreatedOnToolsVersion = 8.3.3;
						DevelopmentTeam = BER336RBH2;
						ProvisioningStyle = Automatic;
						SystemCapabilities = {
							com.apple.Push = {
								enabled = 1;
							};
							com.apple.iCloud = {
								enabled = 1;
							};
						};
					};
				};
			};
			buildConfigurationList = FB23B6E11F044CFC00CAA684 /* Build configuration list for PBXProject "Scenario Manager" */;
			compatibilityVersion = "Xcode 3.2";
			developmentRegion = English;
			hasScannedForEncodings = 0;
			knownRegions = (
				en,
				Base,
			);
			mainGroup = FB23B6DD1F044CFC00CAA684;
			productRefGroup = FB23B6E71F044CFC00CAA684 /* Products */;
			projectDirPath = "";
			projectRoot = "";
			targets = (
				FB23B6E51F044CFC00CAA684 /* Scenario Manager */,
			);
		};
/* End PBXProject section */

/* Begin PBXResourcesBuildPhase section */
		FB23B6E41F044CFC00CAA684 /* Resources */ = {
			isa = PBXResourcesBuildPhase;
			buildActionMask = 2147483647;
			files = (
				FB46658D1F2F964C00CAA684 /* SummaryInfoCell.xib in Resources */,
				FB4665871F2E5C5900CAA684 /* RewardsInfoCell.xib in Resources */,
				FBE3F1ED1F4A5F6A00CAA684 /* Assets.xcassets in Resources */,
				FBD2DD101F6477AB00CAA684 /* CreateCampaignCharacterCell.xib in Resources */,
				FBCE875D1F57F4C200CAA684 /* PirataOne-Regular.ttf in Resources */,
				FBCE87611F58764300CAA684 /* HTOWERT.TTF in Resources */,
				FB482D9D1F2934BA00CAA684 /* ScenarioTitleCell.xib in Resources */,
				FB482DA11F2937B200CAA684 /* UnlocksInfoCell.xib in Resources */,
				FBD2DD0B1F634C0100CAA684 /* CreateCampaignTitleCell.xib in Resources */,
				FBCE875F1F586FB400CAA684 /* nyala.ttf in Resources */,
				FBE3F1E91F47C91100CAA684 /* Main.storyboard in Resources */,
				FB23B6F41F044CFC00CAA684 /* LaunchScreen.storyboard in Resources */,
				FB482DAA1F293C6600CAA684 /* AchievesInfoCell.xib in Resources */,
				FB46658B1F2E66C000CAA684 /* RequirementsInfoCell.xib in Resources */,
				FB482DA61F293ABA00CAA684 /* UnlockedByInfoCell.xib in Resources */,
				FB4665931F2FA9FA00CAA684 /* LocationInfoCell.xib in Resources */,
			);
			runOnlyForDeploymentPostprocessing = 0;
		};
/* End PBXResourcesBuildPhase section */

/* Begin PBXSourcesBuildPhase section */
		FB23B6E21F044CFC00CAA684 /* Sources */ = {
			isa = PBXSourcesBuildPhase;
			buildActionMask = 2147483647;
			files = (
				FBD2DCFC1F61E28B00CAA684 /* ColorDefinitions.swift in Sources */,
				FB482DA41F29385B00CAA684 /* UnlocksInfoCell.swift in Sources */,
				FBD2DD011F6203F800CAA684 /* ProgressHUD.swift in Sources */,
				FB40EA0F1F43AEDD00CAA684 /* UIStoryboard+Loader.swift in Sources */,
				FB40EA0A1F43967C00CAA684 /* ScenarioViewModelFromModel.swift in Sources */,
				FB4665891F2E667F00CAA684 /* RequirementsInfoCell.swift in Sources */,
				FB482D9F1F29359000CAA684 /* ScenarioTitleCell.swift in Sources */,
				FB23B6FC1F04C40D00CAA684 /* Scenario.swift in Sources */,
				FBD2DD141F67517000CAA684 /* CreateCamaignViewModel.swift in Sources */,
				FBD2DD161F6863E900CAA684 /* DeleteCampaignViewModelFromModel.swift in Sources */,
				FBD2DD041F620F4800CAA684 /* CreateCampaignViewController.swift in Sources */,
				FBD2DD121F6477F200CAA684 /* CreateCampaignCharacterCell.swift in Sources */,
				FBD2DD1F1F69CB3800CAA684 /* CampaignTitleCell.swift in Sources */,
				FBD2DCFE1F61E7D900CAA684 /* FontDefinitions.swift in Sources */,
				FB7521A41F207A2F00CAA684 /* ScenarioPickerViewController.swift in Sources */,
				FBD2DD1A1F699ED100CAA684 /* CampaignViewController.swift in Sources */,
				FB40EA191F45552B00CAA684 /* Dynamic.swift in Sources */,
				FB40EA141F4419CA00CAA684 /* ScenarioViewModel.swift in Sources */,
				FB40EA0C1F43ACFF00CAA684 /* DashboardViewController.swift in Sources */,
				FBE3F1EB1F47C92C00CAA684 /* ScenarioViewController.swift in Sources */,
				FBCE876A1F5A066F00CAA684 /* CampaignManagerTabBarController.swift in Sources */,
				FB482D9B1F27DBA400CAA684 /* ScenarioDetailViewModel.swift in Sources */,
				FBD2DD0E1F634D0600CAA684 /* CreateCampaignTitleCell.swift in Sources */,
				FBD2DCFA1F5C945C00CAA684 /* Character.swift in Sources */,
				FB46658F1F2F96B500CAA684 /* SummaryInfoCell.swift in Sources */,
				FB482D991F27C51C00CAA684 /* ScenarioDetailViewController.swift in Sources */,
				FBD2DD1C1F69A10200CAA684 /* CampaignViewModelFromModel.swift in Sources */,
				FB482DAC1F293C9500CAA684 /* AchievesInfoCell.swift in Sources */,
				FB4665951F2FDCEE00CAA684 /* ScenarioMainCell.swift in Sources */,
				FB4665851F2E5C0700CAA684 /* RewardsInfoCell.swift in Sources */,
				FB23B6EA1F044CFC00CAA684 /* AppDelegate.swift in Sources */,
				FBD2DD081F625FEA00CAA684 /* CreateCampaignViewModelFromModel.swift in Sources */,
				FB4665911F2FA98C00CAA684 /* LocationInfoCell.swift in Sources */,
				FBCE87641F59EBE400CAA684 /* CloudKitMgr.swift in Sources */,
				FBD2DD181F68674600CAA684 /* DeleteCampaignViewController.swift in Sources */,
				FB23B7021F0AB5ED00CAA684 /* DataModel.swift in Sources */,
				FB40EA111F43B28100CAA684 /* UIViewController+Subview.swift in Sources */,
				FBD2DD061F625F6500CAA684 /* CampaignViewModel.swift in Sources */,
				FBD2DCF81F5C935B00CAA684 /* Campaign.swift in Sources */,
				FB482DA81F293B2300CAA684 /* UnlockedByInfoCell.swift in Sources */,
			);
			runOnlyForDeploymentPostprocessing = 0;
		};
/* End PBXSourcesBuildPhase section */

/* Begin PBXVariantGroup section */
		FB23B6F21F044CFC00CAA684 /* LaunchScreen.storyboard */ = {
			isa = PBXVariantGroup;
			children = (
				FB23B6F31F044CFC00CAA684 /* Base */,
			);
			name = LaunchScreen.storyboard;
			sourceTree = "<group>";
		};
/* End PBXVariantGroup section */

/* Begin XCBuildConfiguration section */
		FB23B6F61F044CFC00CAA684 /* Debug */ = {
			isa = XCBuildConfiguration;
			buildSettings = {
				ALWAYS_SEARCH_USER_PATHS = NO;
				CLANG_ANALYZER_NONNULL = YES;
				CLANG_ANALYZER_NUMBER_OBJECT_CONVERSION = YES_AGGRESSIVE;
				CLANG_CXX_LANGUAGE_STANDARD = "gnu++0x";
				CLANG_CXX_LIBRARY = "libc++";
				CLANG_ENABLE_MODULES = YES;
				CLANG_ENABLE_OBJC_ARC = YES;
				CLANG_WARN_BOOL_CONVERSION = YES;
				CLANG_WARN_CONSTANT_CONVERSION = YES;
				CLANG_WARN_DIRECT_OBJC_ISA_USAGE = YES_ERROR;
				CLANG_WARN_DOCUMENTATION_COMMENTS = YES;
				CLANG_WARN_EMPTY_BODY = YES;
				CLANG_WARN_ENUM_CONVERSION = YES;
				CLANG_WARN_INFINITE_RECURSION = YES;
				CLANG_WARN_INT_CONVERSION = YES;
				CLANG_WARN_OBJC_ROOT_CLASS = YES_ERROR;
				CLANG_WARN_SUSPICIOUS_MOVE = YES;
				CLANG_WARN_UNREACHABLE_CODE = YES;
				CLANG_WARN__DUPLICATE_METHOD_MATCH = YES;
				"CODE_SIGN_IDENTITY[sdk=iphoneos*]" = "iPhone Developer";
				COPY_PHASE_STRIP = NO;
				DEBUG_INFORMATION_FORMAT = dwarf;
				ENABLE_STRICT_OBJC_MSGSEND = YES;
				ENABLE_TESTABILITY = YES;
				GCC_C_LANGUAGE_STANDARD = gnu99;
				GCC_DYNAMIC_NO_PIC = NO;
				GCC_NO_COMMON_BLOCKS = YES;
				GCC_OPTIMIZATION_LEVEL = 0;
				GCC_PREPROCESSOR_DEFINITIONS = (
					"DEBUG=1",
					"$(inherited)",
				);
				GCC_WARN_64_TO_32_BIT_CONVERSION = YES;
				GCC_WARN_ABOUT_RETURN_TYPE = YES_ERROR;
				GCC_WARN_UNDECLARED_SELECTOR = YES;
				GCC_WARN_UNINITIALIZED_AUTOS = YES_AGGRESSIVE;
				GCC_WARN_UNUSED_FUNCTION = YES;
				GCC_WARN_UNUSED_VARIABLE = YES;
				IPHONEOS_DEPLOYMENT_TARGET = 10.3;
				MTL_ENABLE_DEBUG_INFO = YES;
				ONLY_ACTIVE_ARCH = YES;
				SDKROOT = iphoneos;
				SWIFT_ACTIVE_COMPILATION_CONDITIONS = DEBUG;
				SWIFT_OPTIMIZATION_LEVEL = "-Onone";
			};
			name = Debug;
		};
		FB23B6F71F044CFC00CAA684 /* Release */ = {
			isa = XCBuildConfiguration;
			buildSettings = {
				ALWAYS_SEARCH_USER_PATHS = NO;
				CLANG_ANALYZER_NONNULL = YES;
				CLANG_ANALYZER_NUMBER_OBJECT_CONVERSION = YES_AGGRESSIVE;
				CLANG_CXX_LANGUAGE_STANDARD = "gnu++0x";
				CLANG_CXX_LIBRARY = "libc++";
				CLANG_ENABLE_MODULES = YES;
				CLANG_ENABLE_OBJC_ARC = YES;
				CLANG_WARN_BOOL_CONVERSION = YES;
				CLANG_WARN_CONSTANT_CONVERSION = YES;
				CLANG_WARN_DIRECT_OBJC_ISA_USAGE = YES_ERROR;
				CLANG_WARN_DOCUMENTATION_COMMENTS = YES;
				CLANG_WARN_EMPTY_BODY = YES;
				CLANG_WARN_ENUM_CONVERSION = YES;
				CLANG_WARN_INFINITE_RECURSION = YES;
				CLANG_WARN_INT_CONVERSION = YES;
				CLANG_WARN_OBJC_ROOT_CLASS = YES_ERROR;
				CLANG_WARN_SUSPICIOUS_MOVE = YES;
				CLANG_WARN_UNREACHABLE_CODE = YES;
				CLANG_WARN__DUPLICATE_METHOD_MATCH = YES;
				"CODE_SIGN_IDENTITY[sdk=iphoneos*]" = "iPhone Developer";
				COPY_PHASE_STRIP = NO;
				DEBUG_INFORMATION_FORMAT = "dwarf-with-dsym";
				ENABLE_NS_ASSERTIONS = NO;
				ENABLE_STRICT_OBJC_MSGSEND = YES;
				GCC_C_LANGUAGE_STANDARD = gnu99;
				GCC_NO_COMMON_BLOCKS = YES;
				GCC_WARN_64_TO_32_BIT_CONVERSION = YES;
				GCC_WARN_ABOUT_RETURN_TYPE = YES_ERROR;
				GCC_WARN_UNDECLARED_SELECTOR = YES;
				GCC_WARN_UNINITIALIZED_AUTOS = YES_AGGRESSIVE;
				GCC_WARN_UNUSED_FUNCTION = YES;
				GCC_WARN_UNUSED_VARIABLE = YES;
				IPHONEOS_DEPLOYMENT_TARGET = 10.3;
				MTL_ENABLE_DEBUG_INFO = NO;
				SDKROOT = iphoneos;
				SWIFT_OPTIMIZATION_LEVEL = "-Owholemodule";
				VALIDATE_PRODUCT = YES;
			};
			name = Release;
		};
		FB23B6F91F044CFC00CAA684 /* Debug */ = {
			isa = XCBuildConfiguration;
			buildSettings = {
				ASSETCATALOG_COMPILER_APPICON_NAME = AppIcon;
				CODE_SIGN_ENTITLEMENTS = "Scenario Manager/Scenario Manager.entitlements";
				"CODE_SIGN_IDENTITY[sdk=iphoneos*]" = "iPhone Developer";
				DEVELOPMENT_TEAM = BER336RBH2;
				INFOPLIST_FILE = "Scenario Manager/Info.plist";
				LD_RUNPATH_SEARCH_PATHS = "$(inherited) @executable_path/Frameworks";
				PRODUCT_BUNDLE_IDENTIFIER = com.apphazard.ScenarioManager;
				PRODUCT_NAME = "$(TARGET_NAME)";
				PROVISIONING_PROFILE_SPECIFIER = "";
				SWIFT_VERSION = 3.0;
			};
			name = Debug;
		};
		FB23B6FA1F044CFC00CAA684 /* Release */ = {
			isa = XCBuildConfiguration;
			buildSettings = {
				ASSETCATALOG_COMPILER_APPICON_NAME = AppIcon;
				CODE_SIGN_ENTITLEMENTS = "Scenario Manager/Scenario Manager.entitlements";
				"CODE_SIGN_IDENTITY[sdk=iphoneos*]" = "iPhone Developer";
				DEVELOPMENT_TEAM = BER336RBH2;
				INFOPLIST_FILE = "Scenario Manager/Info.plist";
				LD_RUNPATH_SEARCH_PATHS = "$(inherited) @executable_path/Frameworks";
				PRODUCT_BUNDLE_IDENTIFIER = com.apphazard.ScenarioManager;
				PRODUCT_NAME = "$(TARGET_NAME)";
				PROVISIONING_PROFILE_SPECIFIER = "";
				SWIFT_VERSION = 3.0;
			};
			name = Release;
		};
/* End XCBuildConfiguration section */

/* Begin XCConfigurationList section */
		FB23B6E11F044CFC00CAA684 /* Build configuration list for PBXProject "Scenario Manager" */ = {
			isa = XCConfigurationList;
			buildConfigurations = (
				FB23B6F61F044CFC00CAA684 /* Debug */,
				FB23B6F71F044CFC00CAA684 /* Release */,
			);
			defaultConfigurationIsVisible = 0;
			defaultConfigurationName = Release;
		};
		FB23B6F81F044CFC00CAA684 /* Build configuration list for PBXNativeTarget "Scenario Manager" */ = {
			isa = XCConfigurationList;
			buildConfigurations = (
				FB23B6F91F044CFC00CAA684 /* Debug */,
				FB23B6FA1F044CFC00CAA684 /* Release */,
			);
			defaultConfigurationIsVisible = 0;
			defaultConfigurationName = Release;
		};
/* End XCConfigurationList section */
	};
	rootObject = FB23B6DE1F044CFC00CAA684 /* Project object */;
}
